# This file is automatically @generated by Cargo.
# It is not intended for manual editing.
version = 4

[[package]]
name = "hello"
version = "0.1.0"
dependencies = [
 "leandros-libc",
]

[[package]]
name = "leandros-init"
version = "0.1.0"
dependencies = [
 "leandros-libc",
]

[[package]]
name = "leandros-libc"
version = "0.1.0"

[[package]]
name = "leandros-shell"
version = "0.1.0"
dependencies = [
 "leandros-libc",
]
