# This file is automatically @generated by Cargo.
# It is not intended for manual editing.
version = 4

[[package]]
name = "aplay"
version = "0.1.0"
dependencies = [
 "ipc",
 "leandros-libc",
]

[[package]]
name = "bitflags"
version = "2.11.1"
source = "registry+https://github.com/rust-lang/crates.io-index"
checksum = "c4512299f36f043ab09a583e57bceb5a5aab7a73db1805848e8fef3c9e8c78b3"

[[package]]
name = "drmsmoke"
version = "0.1.0"

[[package]]
name = "epolltest"
version = "0.1.0"

[[package]]
name = "evtest2"
version = "0.1.0"

[[package]]
name = "f2fstest"
version = "0.1.0"
dependencies = [
 "leandros-libc",
]

[[package]]
name = "forktest"
version = "0.1.0"

[[package]]
name = "fstab"
version = "0.1.0"
dependencies = [
 "leandros-libc",
]

[[package]]
name = "hello"
version = "0.1.0"
dependencies = [
 "leandros-libc",
]

[[package]]
name = "idletest"
version = "0.1.0"

[[package]]
name = "ipc"
version = "0.1.0"
dependencies = [
 "leandros-lib",
 "spin",
]

[[package]]
name = "leandros-greeter-launch"
version = "0.1.0"
dependencies = [
 "leandros-libc",
]

[[package]]
name = "leandros-init"
version = "0.1.0"
dependencies = [
 "leandros-libc",
]

[[package]]
name = "leandros-lib"
version = "0.1.0"
dependencies = [
 "bitflags",
]

[[package]]
name = "leandros-libc"
version = "0.1.0"
dependencies = [
 "ipc",
]

[[package]]
name = "leandros-login"
version = "0.1.0"
dependencies = [
 "leandros-libc",
]

[[package]]
name = "leandros-shell"
version = "0.1.0"
dependencies = [
 "leandros-libc",
]

[[package]]
name = "lock_api"
version = "0.4.14"
source = "registry+https://github.com/rust-lang/crates.io-index"
checksum = "224399e74b87b5f3557511d98dff8b14089b3dadafcab6bb93eab67d3aace965"
dependencies = [
 "scopeguard",
]

[[package]]
name = "lsblk"
version = "0.1.0"
dependencies = [
 "leandros-libc",
]

[[package]]
name = "lspci"
version = "0.1.0"
dependencies = [
 "leandros-libc",
]

[[package]]
name = "lsusb"
version = "0.1.0"
dependencies = [
 "leandros-libc",
]

[[package]]
name = "memtest"
version = "0.1.0"
dependencies = [
 "leandros-libc",
]

[[package]]
name = "mount"
version = "0.1.0"
dependencies = [
 "leandros-libc",
]

[[package]]
name = "ping"
version = "0.1.0"

[[package]]
name = "polltest"
version = "0.1.0"

[[package]]
name = "pthreadtest"
version = "0.1.0"

[[package]]
name = "racetest"
version = "0.1.0"

[[package]]
name = "scmtest"
version = "0.1.0"
dependencies = [
 "leandros-libc",
]

[[package]]
name = "scopeguard"
version = "1.2.0"
source = "registry+https://github.com/rust-lang/crates.io-index"
checksum = "94143f37725109f92c262ed2cf5e59bce7498c01bcc1502d7b9afe439a4e9f49"

[[package]]
name = "sigchldtest"
version = "0.1.0"

[[package]]
name = "sigtest"
version = "0.1.0"

[[package]]
name = "spin"
version = "0.9.8"
source = "registry+https://github.com/rust-lang/crates.io-index"
checksum = "6980e8d7511241f8acf4aebddbb1ff938df5eebe98691418c4468d0b72a96a67"
dependencies = [
 "lock_api",
]

[[package]]
name = "timertest"
version = "0.1.0"

[[package]]
name = "tput"
version = "0.1.0"
dependencies = [
 "leandros-libc",
]

[[package]]
name = "umount"
version = "0.1.0"
dependencies = [
 "leandros-libc",
]

[[package]]
name = "venustest"
version = "0.1.0"

[[package]]
name = "vfstest"
version = "0.1.0"
dependencies = [
 "leandros-libc",
]

[[package]]
name = "waittest"
version = "0.1.0"

[[package]]
name = "wakepolltest"
version = "0.1.0"

[[package]]
name = "xattr-util"
version = "0.1.0"
dependencies = [
 "leandros-libc",
]
